
Microsoft Visual Studio Solution File, Format Version 12.00
# Visual Studio Version 17
VisualStudioVersion = 17.7.34031.279
MinimumVisualStudioVersion = 10.0.40219.1
Project("{FAE04EC0-301F-11D3-BF4B-00C04F79EFBC}") = "Users.WebAPI", "Users.WebAPI\Users.WebAPI.csproj", "{6279E14E-9C71-47A1-ACEE-B7086C7533AE}"
EndProject
Project("{FAE04EC0-301F-11D3-BF4B-00C04F79EFBC}") = "Users.Domain", "Users.Domain\Users.Domain.csproj", "{C4943361-9ED3-4A76-97FB-F32A15614953}"
EndProject
Project("{FAE04EC0-301F-11D3-BF4B-00C04F79EFBC}") = "Users.Infrastructure", "Users.Infrastructure\Users.Infrastructure.csproj", "{3491B190-4B06-4986-BFFB-307FA00FFDA3}"
EndProject
Project("{FAE04EC0-301F-11D3-BF4B-00C04F79EFBC}") = "Common", "Common\Common.csproj", "{98BEBA4F-C466-4BF0-A235-57DFA6B26D53}"
EndProject
Global
	GlobalSection(SolutionConfigurationPlatforms) = preSolution
		Debug|Any CPU = Debug|Any CPU
		Release|Any CPU = Release|Any CPU
	EndGlobalSection
	GlobalSection(ProjectConfigurationPlatforms) = postSolution
		{6279E14E-9C71-47A1-ACEE-B7086C7533AE}.Debug|Any CPU.ActiveCfg = Debug|Any CPU
		{6279E14E-9C71-47A1-ACEE-B7086C7533AE}.Debug|Any CPU.Build.0 = Debug|Any CPU
		{6279E14E-9C71-47A1-ACEE-B7086C7533AE}.Release|Any CPU.ActiveCfg = Release|Any CPU
		{6279E14E-9C71-47A1-ACEE-B7086C7533AE}.Release|Any CPU.Build.0 = Release|Any CPU
		{C4943361-9ED3-4A76-97FB-F32A15614953}.Debug|Any CPU.ActiveCfg = Debug|Any CPU
		{C4943361-9ED3-4A76-97FB-F32A15614953}.Debug|Any CPU.Build.0 = Debug|Any CPU
		{C4943361-9ED3-4A76-97FB-F32A15614953}.Release|Any CPU.ActiveCfg = Release|Any CPU
		{C4943361-9ED3-4A76-97FB-F32A15614953}.Release|Any CPU.Build.0 = Release|Any CPU
		{3491B190-4B06-4986-BFFB-307FA00FFDA3}.Debug|Any CPU.ActiveCfg = Debug|Any CPU
		{3491B190-4B06-4986-BFFB-307FA00FFDA3}.Debug|Any CPU.Build.0 = Debug|Any CPU
		{3491B190-4B06-4986-BFFB-307FA00FFDA3}.Release|Any CPU.ActiveCfg = Release|Any CPU
		{3491B190-4B06-4986-BFFB-307FA00FFDA3}.Release|Any CPU.Build.0 = Release|Any CPU
		{98BEBA4F-C466-4BF0-A235-57DFA6B26D53}.Debug|Any CPU.ActiveCfg = Debug|Any CPU
		{98BEBA4F-C466-4BF0-A235-57DFA6B26D53}.Debug|Any CPU.Build.0 = Debug|Any CPU
		{98BEBA4F-C466-4BF0-A235-57DFA6B26D53}.Release|Any CPU.ActiveCfg = Release|Any CPU
		{98BEBA4F-C466-4BF0-A235-57DFA6B26D53}.Release|Any CPU.Build.0 = Release|Any CPU
	EndGlobalSection
	GlobalSection(SolutionProperties) = preSolution
		HideSolutionNode = FALSE
	EndGlobalSection
	GlobalSection(ExtensibilityGlobals) = postSolution
		SolutionGuid = {BEDBC39E-F4FD-414F-8F6D-1851598C779A}
	EndGlobalSection
EndGlobal
