
Microsoft Visual Studio Solution File, Format Version 12.00
# Visual Studio Version 17
VisualStudioVersion = 17.6.33829.357
MinimumVisualStudioVersion = 10.0.40219.1
Project("{FAE04EC0-301F-11D3-BF4B-00C04F79EFBC}") = "BLL", "BLL\BLL.csproj", "{4AEE51F3-E8FE-4374-86BE-6DD932207175}"
EndProject
Project("{FAE04EC0-301F-11D3-BF4B-00C04F79EFBC}") = "DAL", "DAL\DAL.csproj", "{6098CE0E-128A-4F9F-B1B4-E9E6D23FAC7F}"
EndProject
Project("{FAE04EC0-301F-11D3-BF4B-00C04F79EFBC}") = "DBUtility", "DBUtility\DBUtility.csproj", "{92F79118-5B53-4F81-959A-635438320C62}"
EndProject
Project("{FAE04EC0-301F-11D3-BF4B-00C04F79EFBC}") = "Model", "Model\Model.csproj", "{5C6B4C25-4703-40EA-8691-9D39CE307F5E}"
EndProject
Project("{FAE04EC0-301F-11D3-BF4B-00C04F79EFBC}") = "IDAL", "IDAL\IDAL.csproj", "{8A80E174-FFE7-4F47-8761-E380F5F5EC73}"
EndProject
Project("{FAE04EC0-301F-11D3-BF4B-00C04F79EFBC}") = "DALFactory", "DALFactory\DALFactory.csproj", "{34937872-CD6F-4362-B51F-FB6BE6C82ACE}"
EndProject
Project("{FAE04EC0-301F-11D3-BF4B-00C04F79EFBC}") = "Demo", "Demo\Demo.csproj", "{2F82A963-224B-4C6D-B81E-423ECC1524F1}"
EndProject
Project("{FAE04EC0-301F-11D3-BF4B-00C04F79EFBC}") = "IBLL", "IBLL\IBLL.csproj", "{0762D7E1-A020-4604-BF41-D4BE9690A5B6}"
EndProject
Project("{FAE04EC0-301F-11D3-BF4B-00C04F79EFBC}") = "BLLFactory", "BLLFactory\BLLFactory.csproj", "{8C851E23-0D35-43C0-AF08-44A3BE59DB11}"
EndProject
Global
	GlobalSection(SolutionConfigurationPlatforms) = preSolution
		Debug|Any CPU = Debug|Any CPU
		Release|Any CPU = Release|Any CPU
	EndGlobalSection
	GlobalSection(ProjectConfigurationPlatforms) = postSolution
		{4AEE51F3-E8FE-4374-86BE-6DD932207175}.Debug|Any CPU.ActiveCfg = Debug|Any CPU
		{4AEE51F3-E8FE-4374-86BE-6DD932207175}.Debug|Any CPU.Build.0 = Debug|Any CPU
		{4AEE51F3-E8FE-4374-86BE-6DD932207175}.Release|Any CPU.ActiveCfg = Release|Any CPU
		{4AEE51F3-E8FE-4374-86BE-6DD932207175}.Release|Any CPU.Build.0 = Release|Any CPU
		{6098CE0E-128A-4F9F-B1B4-E9E6D23FAC7F}.Debug|Any CPU.ActiveCfg = Debug|Any CPU
		{6098CE0E-128A-4F9F-B1B4-E9E6D23FAC7F}.Debug|Any CPU.Build.0 = Debug|Any CPU
		{6098CE0E-128A-4F9F-B1B4-E9E6D23FAC7F}.Release|Any CPU.ActiveCfg = Release|Any CPU
		{6098CE0E-128A-4F9F-B1B4-E9E6D23FAC7F}.Release|Any CPU.Build.0 = Release|Any CPU
		{92F79118-5B53-4F81-959A-635438320C62}.Debug|Any CPU.ActiveCfg = Debug|Any CPU
		{92F79118-5B53-4F81-959A-635438320C62}.Debug|Any CPU.Build.0 = Debug|Any CPU
		{92F79118-5B53-4F81-959A-635438320C62}.Release|Any CPU.ActiveCfg = Release|Any CPU
		{92F79118-5B53-4F81-959A-635438320C62}.Release|Any CPU.Build.0 = Release|Any CPU
		{5C6B4C25-4703-40EA-8691-9D39CE307F5E}.Debug|Any CPU.ActiveCfg = Debug|Any CPU
		{5C6B4C25-4703-40EA-8691-9D39CE307F5E}.Debug|Any CPU.Build.0 = Debug|Any CPU
		{5C6B4C25-4703-40EA-8691-9D39CE307F5E}.Release|Any CPU.ActiveCfg = Release|Any CPU
		{5C6B4C25-4703-40EA-8691-9D39CE307F5E}.Release|Any CPU.Build.0 = Release|Any CPU
		{8A80E174-FFE7-4F47-8761-E380F5F5EC73}.Debug|Any CPU.ActiveCfg = Debug|Any CPU
		{8A80E174-FFE7-4F47-8761-E380F5F5EC73}.Debug|Any CPU.Build.0 = Debug|Any CPU
		{8A80E174-FFE7-4F47-8761-E380F5F5EC73}.Release|Any CPU.ActiveCfg = Release|Any CPU
		{8A80E174-FFE7-4F47-8761-E380F5F5EC73}.Release|Any CPU.Build.0 = Release|Any CPU
		{34937872-CD6F-4362-B51F-FB6BE6C82ACE}.Debug|Any CPU.ActiveCfg = Debug|Any CPU
		{34937872-CD6F-4362-B51F-FB6BE6C82ACE}.Debug|Any CPU.Build.0 = Debug|Any CPU
		{34937872-CD6F-4362-B51F-FB6BE6C82ACE}.Release|Any CPU.ActiveCfg = Release|Any CPU
		{34937872-CD6F-4362-B51F-FB6BE6C82ACE}.Release|Any CPU.Build.0 = Release|Any CPU
		{2F82A963-224B-4C6D-B81E-423ECC1524F1}.Debug|Any CPU.ActiveCfg = Debug|Any CPU
		{2F82A963-224B-4C6D-B81E-423ECC1524F1}.Debug|Any CPU.Build.0 = Debug|Any CPU
		{2F82A963-224B-4C6D-B81E-423ECC1524F1}.Release|Any CPU.ActiveCfg = Release|Any CPU
		{2F82A963-224B-4C6D-B81E-423ECC1524F1}.Release|Any CPU.Build.0 = Release|Any CPU
		{0762D7E1-A020-4604-BF41-D4BE9690A5B6}.Debug|Any CPU.ActiveCfg = Debug|Any CPU
		{0762D7E1-A020-4604-BF41-D4BE9690A5B6}.Debug|Any CPU.Build.0 = Debug|Any CPU
		{0762D7E1-A020-4604-BF41-D4BE9690A5B6}.Release|Any CPU.ActiveCfg = Release|Any CPU
		{0762D7E1-A020-4604-BF41-D4BE9690A5B6}.Release|Any CPU.Build.0 = Release|Any CPU
		{8C851E23-0D35-43C0-AF08-44A3BE59DB11}.Debug|Any CPU.ActiveCfg = Debug|Any CPU
		{8C851E23-0D35-43C0-AF08-44A3BE59DB11}.Debug|Any CPU.Build.0 = Debug|Any CPU
		{8C851E23-0D35-43C0-AF08-44A3BE59DB11}.Release|Any CPU.ActiveCfg = Release|Any CPU
		{8C851E23-0D35-43C0-AF08-44A3BE59DB11}.Release|Any CPU.Build.0 = Release|Any CPU
	EndGlobalSection
	GlobalSection(SolutionProperties) = preSolution
		HideSolutionNode = FALSE
	EndGlobalSection
	GlobalSection(ExtensibilityGlobals) = postSolution
		SolutionGuid = {5EE79400-C3B2-4936-A805-50E23F797985}
	EndGlobalSection
EndGlobal
